
Microsoft Visual Studio Solution File, Format Version 12.00
# Visual Studio Version 17
VisualStudioVersion = 17.5.002.0
MinimumVisualStudioVersion = 10.0.40219.1
Project("{9A19103F-16F7-4668-BE54-9A1E7A4F7556}") = "SimpleWebApi", "SimpleWebApi.csproj", "{5ECFAA0E-13BA-42D0-A52B-4E6DE23FB6FE}"
EndProject
Global
	GlobalSection(SolutionConfigurationPlatforms) = preSolution
		Debug|Any CPU = Debug|Any CPU
		Release|Any CPU = Release|Any CPU
	EndGlobalSection
	GlobalSection(ProjectConfigurationPlatforms) = postSolution
		{5ECFAA0E-13BA-42D0-A52B-4E6DE23FB6FE}.Debug|Any CPU.ActiveCfg = Debug|Any CPU
		{5ECFAA0E-13BA-42D0-A52B-4E6DE23FB6FE}.Debug|Any CPU.Build.0 = Debug|Any CPU
		{5ECFAA0E-13BA-42D0-A52B-4E6DE23FB6FE}.Release|Any CPU.ActiveCfg = Release|Any CPU
		{5ECFAA0E-13BA-42D0-A52B-4E6DE23FB6FE}.Release|Any CPU.Build.0 = Release|Any CPU
	EndGlobalSection
	GlobalSection(SolutionProperties) = preSolution
		HideSolutionNode = FALSE
	EndGlobalSection
	GlobalSection(ExtensibilityGlobals) = postSolution
		SolutionGuid = {91EC6B9D-CE91-4687-BFF0-C98B5A108EBD}
	EndGlobalSection
EndGlobal
