
Microsoft Visual Studio Solution File, Format Version 12.00
# Visual Studio Version 17
VisualStudioVersion = 17.5.002.0
MinimumVisualStudioVersion = 10.0.40219.1
Project("{9A19103F-16F7-4668-BE54-9A1E7A4F7556}") = "Todo", "Todo\Todo.csproj", "{DA14D761-B32C-4FF2-90A7-B2C228BBBC77}"
EndProject
Global
	GlobalSection(SolutionConfigurationPlatforms) = preSolution
		Debug|Any CPU = Debug|Any CPU
		Release|Any CPU = Release|Any CPU
	EndGlobalSection
	GlobalSection(ProjectConfigurationPlatforms) = postSolution
		{DA14D761-B32C-4FF2-90A7-B2C228BBBC77}.Debug|Any CPU.ActiveCfg = Debug|Any CPU
		{DA14D761-B32C-4FF2-90A7-B2C228BBBC77}.Debug|Any CPU.Build.0 = Debug|Any CPU
		{DA14D761-B32C-4FF2-90A7-B2C228BBBC77}.Release|Any CPU.ActiveCfg = Release|Any CPU
		{DA14D761-B32C-4FF2-90A7-B2C228BBBC77}.Release|Any CPU.Build.0 = Release|Any CPU
	EndGlobalSection
	GlobalSection(SolutionProperties) = preSolution
		HideSolutionNode = FALSE
	EndGlobalSection
	GlobalSection(ExtensibilityGlobals) = postSolution
		SolutionGuid = {9E0A7498-DD71-49EF-BA5E-68C669C5BBF3}
	EndGlobalSection
EndGlobal
