// !$*UTF8*$!
{
	archiveVersion = 1;
	classes = {
	};
	objectVersion = 56;
	objects = {

/* Begin PBXBuildFile section */
		0EAE7C9B2B71DB750007031C /* BMIViewModel.swift in Sources */ = {isa = PBXBuildFile; fileRef = 0EAE7C9A2B71DB750007031C /* BMIViewModel.swift */; };
		0EAE7C9D2B71DBD00007031C /* BMIRecord.swift in Sources */ = {isa = PBXBuildFile; fileRef = 0EAE7C9C2B71DBD00007031C /* BMIRecord.swift */; };
		0EBD53322B719EC200CD7A26 /* BMI_Cal_For_funApp.swift in Sources */ = {isa = PBXBuildFile; fileRef = 0EBD53312B719EC200CD7A26 /* BMI_Cal_For_funApp.swift */; };
		0EBD53342B719EC200CD7A26 /* ContentView.swift in Sources */ = {isa = PBXBuildFile; fileRef = 0EBD53332B719EC200CD7A26 /* ContentView.swift */; };
		0EBD53362B719EC300CD7A26 /* Assets.xcassets in Resources */ = {isa = PBXBuildFile; fileRef = 0EBD53352B719EC300CD7A26 /* Assets.xcassets */; };
		0EBD53392B719EC300CD7A26 /* Preview Assets.xcassets in Resources */ = {isa = PBXBuildFile; fileRef = 0EBD53382B719EC300CD7A26 /* Preview Assets.xcassets */; };
/* End PBXBuildFile section */

/* Begin PBXFileReference section */
		0EAE7C9A2B71DB750007031C /* BMIViewModel.swift */ = {isa = PBXFileReference; lastKnownFileType = sourcecode.swift; path = BMIViewModel.swift; sourceTree = "<group>"; };
		0EAE7C9C2B71DBD00007031C /* BMIRecord.swift */ = {isa = PBXFileReference; lastKnownFileType = sourcecode.swift; path = BMIRecord.swift; sourceTree = "<group>"; };
		0EBD532E2B719EC200CD7A26 /* BMI Cal For fun.app */ = {isa = PBXFileReference; explicitFileType = wrapper.application; includeInIndex = 0; path = "BMI Cal For fun.app"; sourceTree = BUILT_PRODUCTS_DIR; };
		0EBD53312B719EC200CD7A26 /* BMI_Cal_For_funApp.swift */ = {isa = PBXFileReference; lastKnownFileType = sourcecode.swift; path = BMI_Cal_For_funApp.swift; sourceTree = "<group>"; };
		0EBD53332B719EC200CD7A26 /* ContentView.swift */ = {isa = PBXFileReference; lastKnownFileType = sourcecode.swift; path = ContentView.swift; sourceTree = "<group>"; };
		0EBD53352B719EC300CD7A26 /* Assets.xcassets */ = {isa = PBXFileReference; lastKnownFileType = folder.assetcatalog; path = Assets.xcassets; sourceTree = "<group>"; };
		0EBD53382B719EC300CD7A26 /* Preview Assets.xcassets */ = {isa = PBXFileReference; lastKnownFileType = folder.assetcatalog; path = "Preview Assets.xcassets"; sourceTree = "<group>"; };
/* End PBXFileReference section */

/* Begin PBXFrameworksBuildPhase section */
		0EBD532B2B719EC200CD7A26 /* Frameworks */ = {
			isa = PBXFrameworksBuildPhase;
			buildActionMask = 2147483647;
			files = (
			);
			runOnlyForDeploymentPostprocessing = 0;
		};
/* End PBXFrameworksBuildPhase section */

/* Begin PBXGroup section */
		0EAE7C962B71DAA20007031C /* Views */ = {
			isa = PBXGroup;
			children = (
				0EBD53332B719EC200CD7A26 /* ContentView.swift */,
			);
			path = Views;
			sourceTree = "<group>";
		};
		0EAE7C972B71DAD50007031C /* Model */ = {
			isa = PBXGroup;
			children = (
				0EAE7C9C2B71DBD00007031C /* BMIRecord.swift */,
			);
			path = Model;
			sourceTree = "<group>";
		};
		0EAE7C992B71DB240007031C /* ViewModel */ = {
			isa = PBXGroup;
			children = (
				0EAE7C9A2B71DB750007031C /* BMIViewModel.swift */,
			);
			path = ViewModel;
			sourceTree = "<group>";
		};
		0EBD53252B719EC200CD7A26 = {
			isa = PBXGroup;
			children = (
				0EBD53302B719EC200CD7A26 /* BMI Cal For fun */,
				0EBD532F2B719EC200CD7A26 /* Products */,
			);
			sourceTree = "<group>";
		};
		0EBD532F2B719EC200CD7A26 /* Products */ = {
			isa = PBXGroup;
			children = (
				0EBD532E2B719EC200CD7A26 /* BMI Cal For fun.app */,
			);
			name = Products;
			sourceTree = "<group>";
		};
		0EBD53302B719EC200CD7A26 /* BMI Cal For fun */ = {
			isa = PBXGroup;
			children = (
				0EBD53312B719EC200CD7A26 /* BMI_Cal_For_funApp.swift */,
				0EAE7C972B71DAD50007031C /* Model */,
				0EAE7C992B71DB240007031C /* ViewModel */,
				0EAE7C962B71DAA20007031C /* Views */,
				0EBD53352B719EC300CD7A26 /* Assets.xcassets */,
				0EBD53372B719EC300CD7A26 /* Preview Content */,
			);
			path = "BMI Cal For fun";
			sourceTree = "<group>";
		};
		0EBD53372B719EC300CD7A26 /* Preview Content */ = {
			isa = PBXGroup;
			children = (
				0EBD53382B719EC300CD7A26 /* Preview Assets.xcassets */,
			);
			path = "Preview Content";
			sourceTree = "<group>";
		};
/* End PBXGroup section */

/* Begin PBXNativeTarget section */
		0EBD532D2B719EC200CD7A26 /* BMI Cal For fun */ = {
			isa = PBXNativeTarget;
			buildConfigurationList = 0EBD533C2B719EC300CD7A26 /* Build configuration list for PBXNativeTarget "BMI Cal For fun" */;
			buildPhases = (
				0EBD532A2B719EC200CD7A26 /* Sources */,
				0EBD532B2B719EC200CD7A26 /* Frameworks */,
				0EBD532C2B719EC200CD7A26 /* Resources */,
			);
			buildRules = (
			);
			dependencies = (
			);
			name = "BMI Cal For fun";
			productName = "BMI Cal For fun";
			productReference = 0EBD532E2B719EC200CD7A26 /* BMI Cal For fun.app */;
			productType = "com.apple.product-type.application";
		};
/* End PBXNativeTarget section */

/* Begin PBXProject section */
		0EBD53262B719EC200CD7A26 /* Project object */ = {
			isa = PBXProject;
			attributes = {
				BuildIndependentTargetsInParallel = 1;
				LastSwiftUpdateCheck = 1520;
				LastUpgradeCheck = 1520;
				TargetAttributes = {
					0EBD532D2B719EC200CD7A26 = {
						CreatedOnToolsVersion = 15.2;
					};
				};
			};
			buildConfigurationList = 0EBD53292B719EC200CD7A26 /* Build configuration list for PBXProject "BMI Cal For fun" */;
			compatibilityVersion = "Xcode 14.0";
			developmentRegion = en;
			hasScannedForEncodings = 0;
			knownRegions = (
				en,
				Base,
			);
			mainGroup = 0EBD53252B719EC200CD7A26;
			productRefGroup = 0EBD532F2B719EC200CD7A26 /* Products */;
			projectDirPath = "";
			projectRoot = "";
			targets = (
				0EBD532D2B719EC200CD7A26 /* BMI Cal For fun */,
			);
		};
/* End PBXProject section */

/* Begin PBXResourcesBuildPhase section */
		0EBD532C2B719EC200CD7A26 /* Resources */ = {
			isa = PBXResourcesBuildPhase;
			buildActionMask = 2147483647;
			files = (
				0EBD53392B719EC300CD7A26 /* Preview Assets.xcassets in Resources */,
				0EBD53362B719EC300CD7A26 /* Assets.xcassets in Resources */,
			);
			runOnlyForDeploymentPostprocessing = 0;
		};
/* End PBXResourcesBuildPhase section */

/* Begin PBXSourcesBuildPhase section */
		0EBD532A2B719EC200CD7A26 /* Sources */ = {
			isa = PBXSourcesBuildPhase;
			buildActionMask = 2147483647;
			files = (
				0EBD53342B719EC200CD7A26 /* ContentView.swift in Sources */,
				0EAE7C9D2B71DBD00007031C /* BMIRecord.swift in Sources */,
				0EBD53322B719EC200CD7A26 /* BMI_Cal_For_funApp.swift in Sources */,
				0EAE7C9B2B71DB750007031C /* BMIViewModel.swift in Sources */,
			);
			runOnlyForDeploymentPostprocessing = 0;
		};
/* End PBXSourcesBuildPhase section */

/* Begin XCBuildConfiguration section */
		0EBD533A2B719EC300CD7A26 /* Debug */ = {
			isa = XCBuildConfiguration;
			buildSettings = {
				ALWAYS_SEARCH_USER_PATHS = NO;
				ASSETCATALOG_COMPILER_GENERATE_SWIFT_ASSET_SYMBOL_EXTENSIONS = YES;
				CLANG_ANALYZER_NONNULL = YES;
				CLANG_ANALYZER_NUMBER_OBJECT_CONVERSION = YES_AGGRESSIVE;
				CLANG_CXX_LANGUAGE_STANDARD = "gnu++20";
				CLANG_ENABLE_MODULES = YES;
				CLANG_ENABLE_OBJC_ARC = YES;
				CLANG_ENABLE_OBJC_WEAK = YES;
				CLANG_WARN_BLOCK_CAPTURE_AUTORELEASING = YES;
				CLANG_WARN_BOOL_CONVERSION = YES;
				CLANG_WARN_COMMA = YES;
				CLANG_WARN_CONSTANT_CONVERSION = YES;
				CLANG_WARN_DEPRECATED_OBJC_IMPLEMENTATIONS = YES;
				CLANG_WARN_DIRECT_OBJC_ISA_USAGE = YES_ERROR;
				CLANG_WARN_DOCUMENTATION_COMMENTS = YES;
				CLANG_WARN_EMPTY_BODY = YES;
				CLANG_WARN_ENUM_CONVERSION = YES;
				CLANG_WARN_INFINITE_RECURSION = YES;
				CLANG_WARN_INT_CONVERSION = YES;
				CLANG_WARN_NON_LITERAL_NULL_CONVERSION = YES;
				CLANG_WARN_OBJC_IMPLICIT_RETAIN_SELF = YES;
				CLANG_WARN_OBJC_LITERAL_CONVERSION = YES;
				CLANG_WARN_OBJC_ROOT_CLASS = YES_ERROR;
				CLANG_WARN_QUOTED_INCLUDE_IN_FRAMEWORK_HEADER = YES;
				CLANG_WARN_RANGE_LOOP_ANALYSIS = YES;
				CLANG_WARN_STRICT_PROTOTYPES = YES;
				CLANG_WARN_SUSPICIOUS_MOVE = YES;
				CLANG_WARN_UNGUARDED_AVAILABILITY = YES_AGGRESSIVE;
				CLANG_WARN_UNREACHABLE_CODE = YES;
				CLANG_WARN__DUPLICATE_METHOD_MATCH = YES;
				COPY_PHASE_STRIP = NO;
				DEBUG_INFORMATION_FORMAT = dwarf;
				ENABLE_STRICT_OBJC_MSGSEND = YES;
				ENABLE_TESTABILITY = YES;
				ENABLE_USER_SCRIPT_SANDBOXING = YES;
				GCC_C_LANGUAGE_STANDARD = gnu17;
				GCC_DYNAMIC_NO_PIC = NO;
				GCC_NO_COMMON_BLOCKS = YES;
				GCC_OPTIMIZATION_LEVEL = 0;
				GCC_PREPROCESSOR_DEFINITIONS = (
					"DEBUG=1",
					"$(inherited)",
				);
				GCC_WARN_64_TO_32_BIT_CONVERSION = YES;
				GCC_WARN_ABOUT_RETURN_TYPE = YES_ERROR;
				GCC_WARN_UNDECLARED_SELECTOR = YES;
				GCC_WARN_UNINITIALIZED_AUTOS = YES_AGGRESSIVE;
				GCC_WARN_UNUSED_FUNCTION = YES;
				GCC_WARN_UNUSED_VARIABLE = YES;
				IPHONEOS_DEPLOYMENT_TARGET = 17.2;
				LOCALIZATION_PREFERS_STRING_CATALOGS = YES;
				MTL_ENABLE_DEBUG_INFO = INCLUDE_SOURCE;
				MTL_FAST_MATH = YES;
				ONLY_ACTIVE_ARCH = YES;
				SDKROOT = iphoneos;
				SWIFT_ACTIVE_COMPILATION_CONDITIONS = "DEBUG $(inherited)";
				SWIFT_OPTIMIZATION_LEVEL = "-Onone";
			};
			name = Debug;
		};
		0EBD533B2B719EC300CD7A26 /* Release */ = {
			isa = XCBuildConfiguration;
			buildSettings = {
				ALWAYS_SEARCH_USER_PATHS = NO;
				ASSETCATALOG_COMPILER_GENERATE_SWIFT_ASSET_SYMBOL_EXTENSIONS = YES;
				CLANG_ANALYZER_NONNULL = YES;
				CLANG_ANALYZER_NUMBER_OBJECT_CONVERSION = YES_AGGRESSIVE;
				CLANG_CXX_LANGUAGE_STANDARD = "gnu++20";
				CLANG_ENABLE_MODULES = YES;
				CLANG_ENABLE_OBJC_ARC = YES;
				CLANG_ENABLE_OBJC_WEAK = YES;
				CLANG_WARN_BLOCK_CAPTURE_AUTORELEASING = YES;
				CLANG_WARN_BOOL_CONVERSION = YES;
				CLANG_WARN_COMMA = YES;
				CLANG_WARN_CONSTANT_CONVERSION = YES;
				CLANG_WARN_DEPRECATED_OBJC_IMPLEMENTATIONS = YES;
				CLANG_WARN_DIRECT_OBJC_ISA_USAGE = YES_ERROR;
				CLANG_WARN_DOCUMENTATION_COMMENTS = YES;
				CLANG_WARN_EMPTY_BODY = YES;
				CLANG_WARN_ENUM_CONVERSION = YES;
				CLANG_WARN_INFINITE_RECURSION = YES;
				CLANG_WARN_INT_CONVERSION = YES;
				CLANG_WARN_NON_LITERAL_NULL_CONVERSION = YES;
				CLANG_WARN_OBJC_IMPLICIT_RETAIN_SELF = YES;
				CLANG_WARN_OBJC_LITERAL_CONVERSION = YES;
				CLANG_WARN_OBJC_ROOT_CLASS = YES_ERROR;
				CLANG_WARN_QUOTED_INCLUDE_IN_FRAMEWORK_HEADER = YES;
				CLANG_WARN_RANGE_LOOP_ANALYSIS = YES;
				CLANG_WARN_STRICT_PROTOTYPES = YES;
				CLANG_WARN_SUSPICIOUS_MOVE = YES;
				CLANG_WARN_UNGUARDED_AVAILABILITY = YES_AGGRESSIVE;
				CLANG_WARN_UNREACHABLE_CODE = YES;
				CLANG_WARN__DUPLICATE_METHOD_MATCH = YES;
				COPY_PHASE_STRIP = NO;
				DEBUG_INFORMATION_FORMAT = "dwarf-with-dsym";
				ENABLE_NS_ASSERTIONS = NO;
				ENABLE_STRICT_OBJC_MSGSEND = YES;
				ENABLE_USER_SCRIPT_SANDBOXING = YES;
				GCC_C_LANGUAGE_STANDARD = gnu17;
				GCC_NO_COMMON_BLOCKS = YES;
				GCC_WARN_64_TO_32_BIT_CONVERSION = YES;
				GCC_WARN_ABOUT_RETURN_TYPE = YES_ERROR;
				GCC_WARN_UNDECLARED_SELECTOR = YES;
				GCC_WARN_UNINITIALIZED_AUTOS = YES_AGGRESSIVE;
				GCC_WARN_UNUSED_FUNCTION = YES;
				GCC_WARN_UNUSED_VARIABLE = YES;
				IPHONEOS_DEPLOYMENT_TARGET = 17.2;
				LOCALIZATION_PREFERS_STRING_CATALOGS = YES;
				MTL_ENABLE_DEBUG_INFO = NO;
				MTL_FAST_MATH = YES;
				SDKROOT = iphoneos;
				SWIFT_COMPILATION_MODE = wholemodule;
				VALIDATE_PRODUCT = YES;
			};
			name = Release;
		};
		0EBD533D2B719EC300CD7A26 /* Debug */ = {
			isa = XCBuildConfiguration;
			buildSettings = {
				ASSETCATALOG_COMPILER_APPICON_NAME = AppIcon;
				ASSETCATALOG_COMPILER_GLOBAL_ACCENT_COLOR_NAME = AccentColor;
				CODE_SIGN_STYLE = Automatic;
				CURRENT_PROJECT_VERSION = 1;
				DEVELOPMENT_ASSET_PATHS = "\"BMI Cal For fun/Preview Content\"";
				ENABLE_PREVIEWS = YES;
				GENERATE_INFOPLIST_FILE = YES;
				INFOPLIST_KEY_UIApplicationSceneManifest_Generation = YES;
				INFOPLIST_KEY_UIApplicationSupportsIndirectInputEvents = YES;
				INFOPLIST_KEY_UILaunchScreen_Generation = YES;
				INFOPLIST_KEY_UISupportedInterfaceOrientations_iPad = "UIInterfaceOrientationPortrait UIInterfaceOrientationPortraitUpsideDown UIInterfaceOrientationLandscapeLeft UIInterfaceOrientationLandscapeRight";
				INFOPLIST_KEY_UISupportedInterfaceOrientations_iPhone = "UIInterfaceOrientationPortrait UIInterfaceOrientationLandscapeLeft UIInterfaceOrientationLandscapeRight";
				LD_RUNPATH_SEARCH_PATHS = (
					"$(inherited)",
					"@executable_path/Frameworks",
				);
				MARKETING_VERSION = 1.0;
				PRODUCT_BUNDLE_IDENTIFIER = "w1954857-westminster.ac.uk.BMI-Cal-For-fun";
				PRODUCT_NAME = "$(TARGET_NAME)";
				SWIFT_EMIT_LOC_STRINGS = YES;
				SWIFT_VERSION = 5.0;
				TARGETED_DEVICE_FAMILY = "1,2";
			};
			name = Debug;
		};
		0EBD533E2B719EC300CD7A26 /* Release */ = {
			isa = XCBuildConfiguration;
			buildSettings = {
				ASSETCATALOG_COMPILER_APPICON_NAME = AppIcon;
				ASSETCATALOG_COMPILER_GLOBAL_ACCENT_COLOR_NAME = AccentColor;
				CODE_SIGN_STYLE = Automatic;
				CURRENT_PROJECT_VERSION = 1;
				DEVELOPMENT_ASSET_PATHS = "\"BMI Cal For fun/Preview Content\"";
				ENABLE_PREVIEWS = YES;
				GENERATE_INFOPLIST_FILE = YES;
				INFOPLIST_KEY_UIApplicationSceneManifest_Generation = YES;
				INFOPLIST_KEY_UIApplicationSupportsIndirectInputEvents = YES;
				INFOPLIST_KEY_UILaunchScreen_Generation = YES;
				INFOPLIST_KEY_UISupportedInterfaceOrientations_iPad = "UIInterfaceOrientationPortrait UIInterfaceOrientationPortraitUpsideDown UIInterfaceOrientationLandscapeLeft UIInterfaceOrientationLandscapeRight";
				INFOPLIST_KEY_UISupportedInterfaceOrientations_iPhone = "UIInterfaceOrientationPortrait UIInterfaceOrientationLandscapeLeft UIInterfaceOrientationLandscapeRight";
				LD_RUNPATH_SEARCH_PATHS = (
					"$(inherited)",
					"@executable_path/Frameworks",
				);
				MARKETING_VERSION = 1.0;
				PRODUCT_BUNDLE_IDENTIFIER = "w1954857-westminster.ac.uk.BMI-Cal-For-fun";
				PRODUCT_NAME = "$(TARGET_NAME)";
				SWIFT_EMIT_LOC_STRINGS = YES;
				SWIFT_VERSION = 5.0;
				TARGETED_DEVICE_FAMILY = "1,2";
			};
			name = Release;
		};
/* End XCBuildConfiguration section */

/* Begin XCConfigurationList section */
		0EBD53292B719EC200CD7A26 /* Build configuration list for PBXProject "BMI Cal For fun" */ = {
			isa = XCConfigurationList;
			buildConfigurations = (
				0EBD533A2B719EC300CD7A26 /* Debug */,
				0EBD533B2B719EC300CD7A26 /* Release */,
			);
			defaultConfigurationIsVisible = 0;
			defaultConfigurationName = Release;
		};
		0EBD533C2B719EC300CD7A26 /* Build configuration list for PBXNativeTarget "BMI Cal For fun" */ = {
			isa = XCConfigurationList;
			buildConfigurations = (
				0EBD533D2B719EC300CD7A26 /* Debug */,
				0EBD533E2B719EC300CD7A26 /* Release */,
			);
			defaultConfigurationIsVisible = 0;
			defaultConfigurationName = Release;
		};
/* End XCConfigurationList section */
	};
	rootObject = 0EBD53262B719EC200CD7A26 /* Project object */;
}
